
Microsoft Visual Studio Solution File, Format Version 12.00
# Visual Studio 15
VisualStudioVersion = 15.0.27703.2042
MinimumVisualStudioVersion = 10.0.40219.1
Project("{2150E333-8FDC-42A3-9474-1A3956D46DE8}") = "src", "src", "{DA8F11E5-020D-4264-830F-408B54851687}"
EndProject
Project("{9A19103F-16F7-4668-BE54-9A1E7A4F7556}") = "Wizard.Cinema.Collector", "src\Wizard.Cinema.Collector\Wizard.Cinema.Collector.csproj", "{A3FD7991-601A-4114-A535-90FCFBC2E609}"
EndProject
Project("{2150E333-8FDC-42A3-9474-1A3956D46DE8}") = "Solution Items", "Solution Items", "{C7D4B310-B70B-47D7-B8C7-7EB64A96FE2D}"
	ProjectSection(SolutionItems) = preProject
		data.db = data.db
		README.md = README.md
	EndProjectSection
EndProject
Project("{9A19103F-16F7-4668-BE54-9A1E7A4F7556}") = "Wizard.Cinema.Admin", "src\Wizard.Cinema.Admin\Wizard.Cinema.Admin.csproj", "{FCB62EF4-7C78-406E-A346-E374C57F63BB}"
EndProject
Project("{9A19103F-16F7-4668-BE54-9A1E7A4F7556}") = "Wizard.Cinema.Web", "src\Wizard.Cinema.Web\Wizard.Cinema.Web.csproj", "{0A1AA794-AE26-40F4-9FF9-F8F1053AD6F6}"
EndProject
Project("{9A19103F-16F7-4668-BE54-9A1E7A4F7556}") = "Wizard.Cinema.Domain", "src\Wizard.Cinema.Domain\Wizard.Cinema.Domain.csproj", "{EC1B876A-C4AE-4272-8B57-DA9FCC9A8844}"
EndProject
Project("{9A19103F-16F7-4668-BE54-9A1E7A4F7556}") = "Wizard.Cinema.Application", "src\Wizard.Cinema.Application\Wizard.Cinema.Application.csproj", "{E36EF70F-DF5D-49F3-B81D-729872A43EE2}"
EndProject
Project("{9A19103F-16F7-4668-BE54-9A1E7A4F7556}") = "Wizard.Cinema.Application.Services", "src\Wizard.Cinema.Application.Services\Wizard.Cinema.Application.Services.csproj", "{272B9D76-91C9-4819-90B1-551F2ACAFC4D}"
EndProject
Project("{9A19103F-16F7-4668-BE54-9A1E7A4F7556}") = "Wizard.Cinema.QueryServices", "src\Wizard.Cinema.QueryServices\Wizard.Cinema.QueryServices.csproj", "{57148DF5-B27C-4F8D-A57C-F6C7B1B2474A}"
EndProject
Project("{9A19103F-16F7-4668-BE54-9A1E7A4F7556}") = "Wizard.Cinema.Smartsql", "src\Wizard.Cinema.Smartsql\Wizard.Cinema.Smartsql.csproj", "{CFEF0A66-22BC-4F63-A7F7-058B7F409EE5}"
EndProject
Project("{2150E333-8FDC-42A3-9474-1A3956D46DE8}") = "ui", "ui", "{1DF9784F-6D85-42C5-B915-716B2EAFF275}"
EndProject
Project("{9A19103F-16F7-4668-BE54-9A1E7A4F7556}") = "Wizard.Cinema.Infrastructures", "src\Wizard.Cinema.Infrastructures\Wizard.Cinema.Infrastructures.csproj", "{DBACB0E6-2B20-4C70-B610-C9B78A012E89}"
EndProject
Project("{2150E333-8FDC-42A3-9474-1A3956D46DE8}") = "domain", "domain", "{6918A14C-6443-4480-B0E4-CE0B9C5C00F4}"
	ProjectSection(SolutionItems) = preProject
		README.md = README.md
	EndProjectSection
EndProject
Project("{2150E333-8FDC-42A3-9474-1A3956D46DE8}") = "remote", "remote", "{8457AE58-BB05-4F9D-8057-1EB1133DAE2A}"
EndProject
Project("{9A19103F-16F7-4668-BE54-9A1E7A4F7556}") = "Wizard.Cinema.Remote", "src\Wizard.Cinema.Remote\Wizard.Cinema.Remote.csproj", "{27F0356A-9933-4549-8FCE-BB60E136DB8F}"
EndProject
Project("{2150E333-8FDC-42A3-9474-1A3956D46DE8}") = "tests", "tests", "{CE1C7E87-297F-4473-84B6-B9659EAE58E4}"
EndProject
Project("{FAE04EC0-301F-11D3-BF4B-00C04F79EFBC}") = "Wizard.Cinema.Test", "tests\Wizard.Cinema.Test\Wizard.Cinema.Test.csproj", "{B2AA9A60-BF41-4A53-8791-559948B2BFA7}"
EndProject
Global
	GlobalSection(SolutionConfigurationPlatforms) = preSolution
		Debug|Any CPU = Debug|Any CPU
		Release|Any CPU = Release|Any CPU
	EndGlobalSection
	GlobalSection(ProjectConfigurationPlatforms) = postSolution
		{A3FD7991-601A-4114-A535-90FCFBC2E609}.Debug|Any CPU.ActiveCfg = Debug|Any CPU
		{A3FD7991-601A-4114-A535-90FCFBC2E609}.Debug|Any CPU.Build.0 = Debug|Any CPU
		{A3FD7991-601A-4114-A535-90FCFBC2E609}.Release|Any CPU.ActiveCfg = Release|Any CPU
		{A3FD7991-601A-4114-A535-90FCFBC2E609}.Release|Any CPU.Build.0 = Release|Any CPU
		{FCB62EF4-7C78-406E-A346-E374C57F63BB}.Debug|Any CPU.ActiveCfg = Debug|Any CPU
		{FCB62EF4-7C78-406E-A346-E374C57F63BB}.Debug|Any CPU.Build.0 = Debug|Any CPU
		{FCB62EF4-7C78-406E-A346-E374C57F63BB}.Release|Any CPU.ActiveCfg = Release|Any CPU
		{FCB62EF4-7C78-406E-A346-E374C57F63BB}.Release|Any CPU.Build.0 = Release|Any CPU
		{0A1AA794-AE26-40F4-9FF9-F8F1053AD6F6}.Debug|Any CPU.ActiveCfg = Debug|Any CPU
		{0A1AA794-AE26-40F4-9FF9-F8F1053AD6F6}.Debug|Any CPU.Build.0 = Debug|Any CPU
		{0A1AA794-AE26-40F4-9FF9-F8F1053AD6F6}.Release|Any CPU.ActiveCfg = Release|Any CPU
		{0A1AA794-AE26-40F4-9FF9-F8F1053AD6F6}.Release|Any CPU.Build.0 = Release|Any CPU
		{EC1B876A-C4AE-4272-8B57-DA9FCC9A8844}.Debug|Any CPU.ActiveCfg = Debug|Any CPU
		{EC1B876A-C4AE-4272-8B57-DA9FCC9A8844}.Debug|Any CPU.Build.0 = Debug|Any CPU
		{EC1B876A-C4AE-4272-8B57-DA9FCC9A8844}.Release|Any CPU.ActiveCfg = Release|Any CPU
		{EC1B876A-C4AE-4272-8B57-DA9FCC9A8844}.Release|Any CPU.Build.0 = Release|Any CPU
		{E36EF70F-DF5D-49F3-B81D-729872A43EE2}.Debug|Any CPU.ActiveCfg = Debug|Any CPU
		{E36EF70F-DF5D-49F3-B81D-729872A43EE2}.Debug|Any CPU.Build.0 = Debug|Any CPU
		{E36EF70F-DF5D-49F3-B81D-729872A43EE2}.Release|Any CPU.ActiveCfg = Release|Any CPU
		{E36EF70F-DF5D-49F3-B81D-729872A43EE2}.Release|Any CPU.Build.0 = Release|Any CPU
		{272B9D76-91C9-4819-90B1-551F2ACAFC4D}.Debug|Any CPU.ActiveCfg = Debug|Any CPU
		{272B9D76-91C9-4819-90B1-551F2ACAFC4D}.Debug|Any CPU.Build.0 = Debug|Any CPU
		{272B9D76-91C9-4819-90B1-551F2ACAFC4D}.Release|Any CPU.ActiveCfg = Release|Any CPU
		{272B9D76-91C9-4819-90B1-551F2ACAFC4D}.Release|Any CPU.Build.0 = Release|Any CPU
		{57148DF5-B27C-4F8D-A57C-F6C7B1B2474A}.Debug|Any CPU.ActiveCfg = Debug|Any CPU
		{57148DF5-B27C-4F8D-A57C-F6C7B1B2474A}.Debug|Any CPU.Build.0 = Debug|Any CPU
		{57148DF5-B27C-4F8D-A57C-F6C7B1B2474A}.Release|Any CPU.ActiveCfg = Release|Any CPU
		{57148DF5-B27C-4F8D-A57C-F6C7B1B2474A}.Release|Any CPU.Build.0 = Release|Any CPU
		{CFEF0A66-22BC-4F63-A7F7-058B7F409EE5}.Debug|Any CPU.ActiveCfg = Debug|Any CPU
		{CFEF0A66-22BC-4F63-A7F7-058B7F409EE5}.Debug|Any CPU.Build.0 = Debug|Any CPU
		{CFEF0A66-22BC-4F63-A7F7-058B7F409EE5}.Release|Any CPU.ActiveCfg = Release|Any CPU
		{CFEF0A66-22BC-4F63-A7F7-058B7F409EE5}.Release|Any CPU.Build.0 = Release|Any CPU
		{DBACB0E6-2B20-4C70-B610-C9B78A012E89}.Debug|Any CPU.ActiveCfg = Debug|Any CPU
		{DBACB0E6-2B20-4C70-B610-C9B78A012E89}.Debug|Any CPU.Build.0 = Debug|Any CPU
		{DBACB0E6-2B20-4C70-B610-C9B78A012E89}.Release|Any CPU.ActiveCfg = Release|Any CPU
		{DBACB0E6-2B20-4C70-B610-C9B78A012E89}.Release|Any CPU.Build.0 = Release|Any CPU
		{27F0356A-9933-4549-8FCE-BB60E136DB8F}.Debug|Any CPU.ActiveCfg = Debug|Any CPU
		{27F0356A-9933-4549-8FCE-BB60E136DB8F}.Debug|Any CPU.Build.0 = Debug|Any CPU
		{27F0356A-9933-4549-8FCE-BB60E136DB8F}.Release|Any CPU.ActiveCfg = Release|Any CPU
		{27F0356A-9933-4549-8FCE-BB60E136DB8F}.Release|Any CPU.Build.0 = Release|Any CPU
		{B2AA9A60-BF41-4A53-8791-559948B2BFA7}.Debug|Any CPU.ActiveCfg = Debug|Any CPU
		{B2AA9A60-BF41-4A53-8791-559948B2BFA7}.Debug|Any CPU.Build.0 = Debug|Any CPU
		{B2AA9A60-BF41-4A53-8791-559948B2BFA7}.Release|Any CPU.ActiveCfg = Release|Any CPU
		{B2AA9A60-BF41-4A53-8791-559948B2BFA7}.Release|Any CPU.Build.0 = Release|Any CPU
	EndGlobalSection
	GlobalSection(SolutionProperties) = preSolution
		HideSolutionNode = FALSE
	EndGlobalSection
	GlobalSection(NestedProjects) = preSolution
		{A3FD7991-601A-4114-A535-90FCFBC2E609} = {1DF9784F-6D85-42C5-B915-716B2EAFF275}
		{FCB62EF4-7C78-406E-A346-E374C57F63BB} = {1DF9784F-6D85-42C5-B915-716B2EAFF275}
		{0A1AA794-AE26-40F4-9FF9-F8F1053AD6F6} = {1DF9784F-6D85-42C5-B915-716B2EAFF275}
		{EC1B876A-C4AE-4272-8B57-DA9FCC9A8844} = {6918A14C-6443-4480-B0E4-CE0B9C5C00F4}
		{E36EF70F-DF5D-49F3-B81D-729872A43EE2} = {6918A14C-6443-4480-B0E4-CE0B9C5C00F4}
		{272B9D76-91C9-4819-90B1-551F2ACAFC4D} = {6918A14C-6443-4480-B0E4-CE0B9C5C00F4}
		{57148DF5-B27C-4F8D-A57C-F6C7B1B2474A} = {6918A14C-6443-4480-B0E4-CE0B9C5C00F4}
		{CFEF0A66-22BC-4F63-A7F7-058B7F409EE5} = {6918A14C-6443-4480-B0E4-CE0B9C5C00F4}
		{1DF9784F-6D85-42C5-B915-716B2EAFF275} = {DA8F11E5-020D-4264-830F-408B54851687}
		{DBACB0E6-2B20-4C70-B610-C9B78A012E89} = {6918A14C-6443-4480-B0E4-CE0B9C5C00F4}
		{6918A14C-6443-4480-B0E4-CE0B9C5C00F4} = {C7D4B310-B70B-47D7-B8C7-7EB64A96FE2D}
		{8457AE58-BB05-4F9D-8057-1EB1133DAE2A} = {DA8F11E5-020D-4264-830F-408B54851687}
		{27F0356A-9933-4549-8FCE-BB60E136DB8F} = {8457AE58-BB05-4F9D-8057-1EB1133DAE2A}
		{B2AA9A60-BF41-4A53-8791-559948B2BFA7} = {CE1C7E87-297F-4473-84B6-B9659EAE58E4}
	EndGlobalSection
	GlobalSection(ExtensibilityGlobals) = postSolution
		SolutionGuid = {A8193542-3B23-48BF-946B-0D5A50AA3630}
	EndGlobalSection
EndGlobal
