
Microsoft Visual Studio Solution File, Format Version 12.00
# Visual Studio 15
VisualStudioVersion = 15.0.27703.2042
MinimumVisualStudioVersion = 10.0.40219.1
Project("{2150E333-8FDC-42A3-9474-1A3956D46DE8}") = "src", "src", "{DA8F11E5-020D-4264-830F-408B54851687}"
EndProject
Project("{FAE04EC0-301F-11D3-BF4B-00C04F79EFBC}") = "Wizard.Cinema.Collector", "src\Wizard.Cinema.Collector\Wizard.Cinema.Collector.csproj", "{A3FD7991-601A-4114-A535-90FCFBC2E609}"
EndProject
Project("{2150E333-8FDC-42A3-9474-1A3956D46DE8}") = "Solution Items", "Solution Items", "{C7D4B310-B70B-47D7-B8C7-7EB64A96FE2D}"
	ProjectSection(SolutionItems) = preProject
		README.md = README.md
	EndProjectSection
EndProject
Project("{FAE04EC0-301F-11D3-BF4B-00C04F79EFBC}") = "Wizard.Cinema.Admin", "src\Wizard.Cinema.Admin\Wizard.Cinema.Admin.csproj", "{FCB62EF4-7C78-406E-A346-E374C57F63BB}"
EndProject
Project("{FAE04EC0-301F-11D3-BF4B-00C04F79EFBC}") = "Wizard.Cinema.Web", "src\Wizard.Cinema.Web\Wizard.Cinema.Web.csproj", "{0A1AA794-AE26-40F4-9FF9-F8F1053AD6F6}"
EndProject
Global
	GlobalSection(SolutionConfigurationPlatforms) = preSolution
		Debug|Any CPU = Debug|Any CPU
		Release|Any CPU = Release|Any CPU
	EndGlobalSection
	GlobalSection(ProjectConfigurationPlatforms) = postSolution
		{A3FD7991-601A-4114-A535-90FCFBC2E609}.Debug|Any CPU.ActiveCfg = Debug|Any CPU
		{A3FD7991-601A-4114-A535-90FCFBC2E609}.Debug|Any CPU.Build.0 = Debug|Any CPU
		{A3FD7991-601A-4114-A535-90FCFBC2E609}.Release|Any CPU.ActiveCfg = Release|Any CPU
		{A3FD7991-601A-4114-A535-90FCFBC2E609}.Release|Any CPU.Build.0 = Release|Any CPU
		{FCB62EF4-7C78-406E-A346-E374C57F63BB}.Debug|Any CPU.ActiveCfg = Debug|Any CPU
		{FCB62EF4-7C78-406E-A346-E374C57F63BB}.Debug|Any CPU.Build.0 = Debug|Any CPU
		{FCB62EF4-7C78-406E-A346-E374C57F63BB}.Release|Any CPU.ActiveCfg = Release|Any CPU
		{FCB62EF4-7C78-406E-A346-E374C57F63BB}.Release|Any CPU.Build.0 = Release|Any CPU
		{0A1AA794-AE26-40F4-9FF9-F8F1053AD6F6}.Debug|Any CPU.ActiveCfg = Debug|Any CPU
		{0A1AA794-AE26-40F4-9FF9-F8F1053AD6F6}.Debug|Any CPU.Build.0 = Debug|Any CPU
		{0A1AA794-AE26-40F4-9FF9-F8F1053AD6F6}.Release|Any CPU.ActiveCfg = Release|Any CPU
		{0A1AA794-AE26-40F4-9FF9-F8F1053AD6F6}.Release|Any CPU.Build.0 = Release|Any CPU
	EndGlobalSection
	GlobalSection(SolutionProperties) = preSolution
		HideSolutionNode = FALSE
	EndGlobalSection
	GlobalSection(NestedProjects) = preSolution
		{A3FD7991-601A-4114-A535-90FCFBC2E609} = {DA8F11E5-020D-4264-830F-408B54851687}
		{FCB62EF4-7C78-406E-A346-E374C57F63BB} = {DA8F11E5-020D-4264-830F-408B54851687}
		{0A1AA794-AE26-40F4-9FF9-F8F1053AD6F6} = {DA8F11E5-020D-4264-830F-408B54851687}
	EndGlobalSection
	GlobalSection(ExtensibilityGlobals) = postSolution
		SolutionGuid = {A8193542-3B23-48BF-946B-0D5A50AA3630}
	EndGlobalSection
EndGlobal
